
Microsoft Visual Studio Solution File, Format Version 12.00
# Visual Studio Version 17
VisualStudioVersion = 17.0.31912.275
MinimumVisualStudioVersion = 10.0.40219.1
Project("{FAE04EC0-301F-11D3-BF4B-00C04F79EFBC}") = "zajecia-2405", "zajecia-2405\zajecia-2405.csproj", "{B1CED75F-0C3D-4B45-9152-7CC0127F16E4}"
EndProject
Global
	GlobalSection(SolutionConfigurationPlatforms) = preSolution
		Debug|Any CPU = Debug|Any CPU
		Release|Any CPU = Release|Any CPU
	EndGlobalSection
	GlobalSection(ProjectConfigurationPlatforms) = postSolution
		{B1CED75F-0C3D-4B45-9152-7CC0127F16E4}.Debug|Any CPU.ActiveCfg = Debug|Any CPU
		{B1CED75F-0C3D-4B45-9152-7CC0127F16E4}.Debug|Any CPU.Build.0 = Debug|Any CPU
		{B1CED75F-0C3D-4B45-9152-7CC0127F16E4}.Release|Any CPU.ActiveCfg = Release|Any CPU
		{B1CED75F-0C3D-4B45-9152-7CC0127F16E4}.Release|Any CPU.Build.0 = Release|Any CPU
	EndGlobalSection
	GlobalSection(SolutionProperties) = preSolution
		HideSolutionNode = FALSE
	EndGlobalSection
	GlobalSection(ExtensibilityGlobals) = postSolution
		SolutionGuid = {66299EF3-4D9B-43FA-989E-9F85717A792C}
	EndGlobalSection
EndGlobal
